
Microsoft Visual Studio Solution File, Format Version 12.00
# Visual Studio Version 16
VisualStudioVersion = 16.0.32002.261
MinimumVisualStudioVersion = 10.0.40219.1
Project("{FAE04EC0-301F-11D3-BF4B-00C04F79EFBC}") = "EF", "EF\EF.csproj", "{88299575-16D6-4BC2-985D-9DF69F144927}"
EndProject
Global
	GlobalSection(SolutionConfigurationPlatforms) = preSolution
		Debug|Any CPU = Debug|Any CPU
		Release|Any CPU = Release|Any CPU
	EndGlobalSection
	GlobalSection(ProjectConfigurationPlatforms) = postSolution
		{88299575-16D6-4BC2-985D-9DF69F144927}.Debug|Any CPU.ActiveCfg = Debug|Any CPU
		{88299575-16D6-4BC2-985D-9DF69F144927}.Debug|Any CPU.Build.0 = Debug|Any CPU
		{88299575-16D6-4BC2-985D-9DF69F144927}.Release|Any CPU.ActiveCfg = Release|Any CPU
		{88299575-16D6-4BC2-985D-9DF69F144927}.Release|Any CPU.Build.0 = Release|Any CPU
	EndGlobalSection
	GlobalSection(SolutionProperties) = preSolution
		HideSolutionNode = FALSE
	EndGlobalSection
	GlobalSection(ExtensibilityGlobals) = postSolution
		SolutionGuid = {1AC534A3-FF35-448B-B060-172868F7F716}
	EndGlobalSection
EndGlobal
